
Microsoft Visual Studio Solution File, Format Version 12.00
# Visual Studio Version 17
VisualStudioVersion = 17.6.33712.159
MinimumVisualStudioVersion = 10.0.40219.1
Project("{FAE04EC0-301F-11D3-BF4B-00C04F79EFBC}") = "Asp.NetMvcApp", "Asp.NetMvcApp.csproj", "{1C7290AF-6E08-4472-92B6-45F02F3F3801}"
EndProject
Global
	GlobalSection(SolutionConfigurationPlatforms) = preSolution
		Debug|Any CPU = Debug|Any CPU
		Release|Any CPU = Release|Any CPU
	EndGlobalSection
	GlobalSection(ProjectConfigurationPlatforms) = postSolution
		{1C7290AF-6E08-4472-92B6-45F02F3F3801}.Debug|Any CPU.ActiveCfg = Debug|Any CPU
		{1C7290AF-6E08-4472-92B6-45F02F3F3801}.Debug|Any CPU.Build.0 = Debug|Any CPU
		{1C7290AF-6E08-4472-92B6-45F02F3F3801}.Release|Any CPU.ActiveCfg = Release|Any CPU
		{1C7290AF-6E08-4472-92B6-45F02F3F3801}.Release|Any CPU.Build.0 = Release|Any CPU
	EndGlobalSection
	GlobalSection(SolutionProperties) = preSolution
		HideSolutionNode = FALSE
	EndGlobalSection
	GlobalSection(ExtensibilityGlobals) = postSolution
		SolutionGuid = {649D66EC-104E-4149-8702-A129BA852FE6}
	EndGlobalSection
EndGlobal
